<?xml version="1.0" encoding="utf-8"?>
<Project ToolsVersion="4.0" xmlns="http://schemas.microsoft.com/developer/msbuild/2003">
  <ItemGroup>
    <Filter Include="Source Files">
      <UniqueIdentifier>{4FC737F1-C7A5-4376-A066-2A32D752A2FF}</UniqueIdentifier>
      <Extensions>cpp;c;cc;cxx;c++;def;odl;idl;hpj;bat;asm;asmx</Extensions>
    </Filter>
    <Filter Include="Header Files">
      <UniqueIdentifier>{93995380-89BD-4b04-88EB-625FBE52EBFB}</UniqueIdentifier>
      <Extensions>h;hh;hpp;hxx;h++;hm;inl;inc;ipp;xsd</Extensions>
    </Filter>
    <Filter Include="Resource Files">
      <UniqueIdentifier>{67DA6AB6-F800-4c08-8B7A-83BB121AAD01}</UniqueIdentifier>
      <Extensions>rc;ico;cur;bmp;dlg;rc2;rct;bin;rgs;gif;jpg;jpeg;jpe;resx;tiff;tif;png;wav;mfcribbon-ms</Extensions>
    </Filter>
    <Filter Include="Header Files\Util">
      <UniqueIdentifier>{e6d04117-5e62-439b-979b-44a6548ced2b}</UniqueIdentifier>
    </Filter>
  </ItemGroup>
  <ItemGroup>
    <ClCompile Include="main.cpp">
      <Filter>Source Files</Filter>
    </ClCompile>
    <ClCompile Include="003-reversedLinkedList.hpp">
      <Filter>Header Files</Filter>
    </ClCompile>
    <ClCompile Include="ListNode_.cpp">
      <Filter>Header Files\Util</Filter>
    </ClCompile>
    <ClCompile Include="BinaryTree.cpp">
      <Filter>Header Files\Util</Filter>
    </ClCompile>
  </ItemGroup>
  <ItemGroup>
    <ClInclude Include="050-duplicateDigitInArray.hpp">
      <Filter>Header Files</Filter>
    </ClInclude>
    <ClInclude Include="055-ringEntryLinkedList.hpp">
      <Filter>Header Files</Filter>
    </ClInclude>
    <ClInclude Include="001-findIn2DArray.hpp">
      <Filter>Header Files</Filter>
    </ClInclude>
    <ClInclude Include="002-replaceSpace.hpp">
      <Filter>Header Files</Filter>
    </ClInclude>
    <ClInclude Include="004-reconstructBTree.hpp">
      <Filter>Header Files</Filter>
    </ClInclude>
    <ClInclude Include="005-queueUsingDoublyStack.hpp">
      <Filter>Header Files</Filter>
    </ClInclude>
    <ClInclude Include="057-nextNodeInOrder.hpp">
      <Filter>Header Files</Filter>
    </ClInclude>
    <ClInclude Include="007-nthFibonacchi.hpp">
      <Filter>Header Files</Filter>
    </ClInclude>
    <ClInclude Include="006-rotatedArray.hpp">
      <Filter>Header Files</Filter>
    </ClInclude>
    <ClInclude Include="100-priorityQueue.hpp">
      <Filter>Header Files</Filter>
    </ClInclude>
    <ClInclude Include="065-findPathInMatrix.hpp">
      <Filter>Header Files</Filter>
    </ClInclude>
    <ClInclude Include="067-cutRope.hpp">
      <Filter>Header Files</Filter>
    </ClInclude>
    <ClInclude Include="011-numberOfOnes.hpp">
      <Filter>Header Files</Filter>
    </ClInclude>
    <ClInclude Include="049-atoi.hpp">
      <Filter>Header Files</Filter>
    </ClInclude>
    <ClInclude Include="012-pow.hpp">
      <Filter>Header Files</Filter>
    </ClInclude>
    <ClInclude Include="Futu-BinToHexStr.hpp">
      <Filter>Header Files</Filter>
    </ClInclude>
    <ClInclude Include="printMaxOfNDigits.hpp">
      <Filter>Header Files</Filter>
    </ClInclude>
    <ClInclude Include="deleteLinkedListNode.hpp">
      <Filter>Header Files</Filter>
    </ClInclude>
    <ClInclude Include="056-deleteDuplicateListNode.hpp">
      <Filter>Header Files</Filter>
    </ClInclude>
    <ClInclude Include="052-match.hpp">
      <Filter>Header Files</Filter>
    </ClInclude>
    <ClInclude Include="053-isNumeric.hpp">
      <Filter>Header Files</Filter>
    </ClInclude>
    <ClInclude Include="013-reoderArray.hpp">
      <Filter>Header Files</Filter>
    </ClInclude>
    <ClInclude Include="014-FindKthToTail.hpp">
      <Filter>Header Files</Filter>
    </ClInclude>
    <ClInclude Include="016-MergeSortedLinkedList.hpp">
      <Filter>Header Files</Filter>
    </ClInclude>
    <ClInclude Include="015-reverseLinkedList.hpp">
      <Filter>Header Files</Filter>
    </ClInclude>
    <ClInclude Include="017-HasTree.hpp">
      <Filter>Header Files</Filter>
    </ClInclude>
    <ClInclude Include="list.hpp">
      <Filter>Header Files\Util</Filter>
    </ClInclude>
    <ClInclude Include="ListNode.hpp">
      <Filter>Header Files\Util</Filter>
    </ClInclude>
    <ClInclude Include="BinaryTree.hpp">
      <Filter>Header Files\Util</Filter>
    </ClInclude>
  </ItemGroup>
</Project>